
Microsoft Visual Studio Solution File, Format Version 12.00
# Visual Studio Version 16
VisualStudioVersion = 16.0.31005.135
MinimumVisualStudioVersion = 10.0.40219.1
Project("{FAE04EC0-301F-11D3-BF4B-00C04F79EFBC}") = "devops", "devops\devops.csproj", "{7E6AA439-F85C-433F-AE00-C9ED7F0EE7FE}"
EndProject
Global
	GlobalSection(SolutionConfigurationPlatforms) = preSolution
		Debug|Any CPU = Debug|Any CPU
		Release|Any CPU = Release|Any CPU
	EndGlobalSection
	GlobalSection(ProjectConfigurationPlatforms) = postSolution
		{7E6AA439-F85C-433F-AE00-C9ED7F0EE7FE}.Debug|Any CPU.ActiveCfg = Debug|Any CPU
		{7E6AA439-F85C-433F-AE00-C9ED7F0EE7FE}.Debug|Any CPU.Build.0 = Debug|Any CPU
		{7E6AA439-F85C-433F-AE00-C9ED7F0EE7FE}.Release|Any CPU.ActiveCfg = Release|Any CPU
		{7E6AA439-F85C-433F-AE00-C9ED7F0EE7FE}.Release|Any CPU.Build.0 = Release|Any CPU
	EndGlobalSection
	GlobalSection(SolutionProperties) = preSolution
		HideSolutionNode = FALSE
	EndGlobalSection
	GlobalSection(ExtensibilityGlobals) = postSolution
		SolutionGuid = {080E88AA-762D-45AE-887A-B999C4BAD03D}
	EndGlobalSection
EndGlobal
